// !$*UTF8*$!
{
	archiveVersion = 1;
	classes = {
	};
	objectVersion = 77;
	objects = {

/* Begin PBXBuildFile section */
		34CE31692D23C8E400DF4947 /* RiveRuntime in Frameworks */ = {isa = PBXBuildFile; productRef = 34CE31682D23C8E400DF4947 /* RiveRuntime */; };
/* End PBXBuildFile section */

/* Begin PBXContainerItemProxy section */
		3409D02C2D22CD36002386AD /* PBXContainerItemProxy */ = {
			isa = PBXContainerItemProxy;
			containerPortal = 3409D0132D22CD35002386AD /* Project object */;
			proxyType = 1;
			remoteGlobalIDString = 3409D01A2D22CD35002386AD;
			remoteInfo = RiveLearningApp;
		};
		3409D0362D22CD36002386AD /* PBXContainerItemProxy */ = {
			isa = PBXContainerItemProxy;
			containerPortal = 3409D0132D22CD35002386AD /* Project object */;
			proxyType = 1;
			remoteGlobalIDString = 3409D01A2D22CD35002386AD;
			remoteInfo = RiveLearningApp;
		};
/* End PBXContainerItemProxy section */

/* Begin PBXFileReference section */
		3409D01B2D22CD35002386AD /* RiveLearningApp.app */ = {isa = PBXFileReference; explicitFileType = wrapper.application; includeInIndex = 0; path = RiveLearningApp.app; sourceTree = BUILT_PRODUCTS_DIR; };
		3409D02B2D22CD36002386AD /* RiveLearningAppTests.xctest */ = {isa = PBXFileReference; explicitFileType = wrapper.cfbundle; includeInIndex = 0; path = RiveLearningAppTests.xctest; sourceTree = BUILT_PRODUCTS_DIR; };
		3409D0352D22CD36002386AD /* RiveLearningAppUITests.xctest */ = {isa = PBXFileReference; explicitFileType = wrapper.cfbundle; includeInIndex = 0; path = RiveLearningAppUITests.xctest; sourceTree = BUILT_PRODUCTS_DIR; };
/* End PBXFileReference section */

/* Begin PBXFileSystemSynchronizedBuildFileExceptionSet section */
		346278E62D251D5400AF0C5E /* Exceptions for "RiveLearningApp" folder in "RiveLearningApp" target */ = {
			isa = PBXFileSystemSynchronizedBuildFileExceptionSet;
			membershipExceptions = (
				Info.plist,
			);
			target = 3409D01A2D22CD35002386AD /* RiveLearningApp */;
		};
/* End PBXFileSystemSynchronizedBuildFileExceptionSet section */

/* Begin PBXFileSystemSynchronizedRootGroup section */
		3409D01D2D22CD35002386AD /* RiveLearningApp */ = {
			isa = PBXFileSystemSynchronizedRootGroup;
			exceptions = (
				346278E62D251D5400AF0C5E /* Exceptions for "RiveLearningApp" folder in "RiveLearningApp" target */,
			);
			path = RiveLearningApp;
			sourceTree = "<group>";
		};
		3409D02E2D22CD36002386AD /* RiveLearningAppTests */ = {
			isa = PBXFileSystemSynchronizedRootGroup;
			path = RiveLearningAppTests;
			sourceTree = "<group>";
		};
		3409D0382D22CD36002386AD /* RiveLearningAppUITests */ = {
			isa = PBXFileSystemSynchronizedRootGroup;
			path = RiveLearningAppUITests;
			sourceTree = "<group>";
		};
/* End PBXFileSystemSynchronizedRootGroup section */

/* Begin PBXFrameworksBuildPhase section */
		3409D0182D22CD35002386AD /* Frameworks */ = {
			isa = PBXFrameworksBuildPhase;
			buildActionMask = 2147483647;
			files = (
				34CE31692D23C8E400DF4947 /* RiveRuntime in Frameworks */,
			);
			runOnlyForDeploymentPostprocessing = 0;
		};
		3409D0282D22CD36002386AD /* Frameworks */ = {
			isa = PBXFrameworksBuildPhase;
			buildActionMask = 2147483647;
			files = (
			);
			runOnlyForDeploymentPostprocessing = 0;
		};
		3409D0322D22CD36002386AD /* Frameworks */ = {
			isa = PBXFrameworksBuildPhase;
			buildActionMask = 2147483647;
			files = (
			);
			runOnlyForDeploymentPostprocessing = 0;
		};
/* End PBXFrameworksBuildPhase section */

/* Begin PBXGroup section */
		3409D0122D22CD35002386AD = {
			isa = PBXGroup;
			children = (
				3409D01D2D22CD35002386AD /* RiveLearningApp */,
				3409D02E2D22CD36002386AD /* RiveLearningAppTests */,
				3409D0382D22CD36002386AD /* RiveLearningAppUITests */,
				34CE31672D23C8E400DF4947 /* Frameworks */,
				3409D01C2D22CD35002386AD /* Products */,
			);
			sourceTree = "<group>";
		};
		3409D01C2D22CD35002386AD /* Products */ = {
			isa = PBXGroup;
			children = (
				3409D01B2D22CD35002386AD /* RiveLearningApp.app */,
				3409D02B2D22CD36002386AD /* RiveLearningAppTests.xctest */,
				3409D0352D22CD36002386AD /* RiveLearningAppUITests.xctest */,
			);
			name = Products;
			sourceTree = "<group>";
		};
		34CE31672D23C8E400DF4947 /* Frameworks */ = {
			isa = PBXGroup;
			children = (
			);
			name = Frameworks;
			sourceTree = "<group>";
		};
/* End PBXGroup section */

/* Begin PBXNativeTarget section */
		3409D01A2D22CD35002386AD /* RiveLearningApp */ = {
			isa = PBXNativeTarget;
			buildConfigurationList = 3409D03F2D22CD36002386AD /* Build configuration list for PBXNativeTarget "RiveLearningApp" */;
			buildPhases = (
				3409D0172D22CD35002386AD /* Sources */,
				3409D0182D22CD35002386AD /* Frameworks */,
				3409D0192D22CD35002386AD /* Resources */,
			);
			buildRules = (
			);
			dependencies = (
			);
			fileSystemSynchronizedGroups = (
				3409D01D2D22CD35002386AD /* RiveLearningApp */,
			);
			name = RiveLearningApp;
			packageProductDependencies = (
				34CE31682D23C8E400DF4947 /* RiveRuntime */,
			);
			productName = RiveLearningApp;
			productReference = 3409D01B2D22CD35002386AD /* RiveLearningApp.app */;
			productType = "com.apple.product-type.application";
		};
		3409D02A2D22CD36002386AD /* RiveLearningAppTests */ = {
			isa = PBXNativeTarget;
			buildConfigurationList = 3409D0422D22CD36002386AD /* Build configuration list for PBXNativeTarget "RiveLearningAppTests" */;
			buildPhases = (
				3409D0272D22CD36002386AD /* Sources */,
				3409D0282D22CD36002386AD /* Frameworks */,
				3409D0292D22CD36002386AD /* Resources */,
			);
			buildRules = (
			);
			dependencies = (
				3409D02D2D22CD36002386AD /* PBXTargetDependency */,
			);
			fileSystemSynchronizedGroups = (
				3409D02E2D22CD36002386AD /* RiveLearningAppTests */,
			);
			name = RiveLearningAppTests;
			packageProductDependencies = (
			);
			productName = RiveLearningAppTests;
			productReference = 3409D02B2D22CD36002386AD /* RiveLearningAppTests.xctest */;
			productType = "com.apple.product-type.bundle.unit-test";
		};
		3409D0342D22CD36002386AD /* RiveLearningAppUITests */ = {
			isa = PBXNativeTarget;
			buildConfigurationList = 3409D0452D22CD36002386AD /* Build configuration list for PBXNativeTarget "RiveLearningAppUITests" */;
			buildPhases = (
				3409D0312D22CD36002386AD /* Sources */,
				3409D0322D22CD36002386AD /* Frameworks */,
				3409D0332D22CD36002386AD /* Resources */,
			);
			buildRules = (
			);
			dependencies = (
				3409D0372D22CD36002386AD /* PBXTargetDependency */,
			);
			fileSystemSynchronizedGroups = (
				3409D0382D22CD36002386AD /* RiveLearningAppUITests */,
			);
			name = RiveLearningAppUITests;
			packageProductDependencies = (
			);
			productName = RiveLearningAppUITests;
			productReference = 3409D0352D22CD36002386AD /* RiveLearningAppUITests.xctest */;
			productType = "com.apple.product-type.bundle.ui-testing";
		};
/* End PBXNativeTarget section */

/* Begin PBXProject section */
		3409D0132D22CD35002386AD /* Project object */ = {
			isa = PBXProject;
			attributes = {
				BuildIndependentTargetsInParallel = 1;
				LastSwiftUpdateCheck = 1600;
				LastUpgradeCheck = 1600;
				TargetAttributes = {
					3409D01A2D22CD35002386AD = {
						CreatedOnToolsVersion = 16.0;
					};
					3409D02A2D22CD36002386AD = {
						CreatedOnToolsVersion = 16.0;
						TestTargetID = 3409D01A2D22CD35002386AD;
					};
					3409D0342D22CD36002386AD = {
						CreatedOnToolsVersion = 16.0;
						TestTargetID = 3409D01A2D22CD35002386AD;
					};
				};
			};
			buildConfigurationList = 3409D0162D22CD35002386AD /* Build configuration list for PBXProject "RiveLearningApp" */;
			developmentRegion = en;
			hasScannedForEncodings = 0;
			knownRegions = (
				en,
				Base,
			);
			mainGroup = 3409D0122D22CD35002386AD;
			minimizedProjectReferenceProxies = 1;
			packageReferences = (
				3409D05C2D22CE69002386AD /* XCRemoteSwiftPackageReference "rive-ios" */,
			);
			preferredProjectObjectVersion = 77;
			productRefGroup = 3409D01C2D22CD35002386AD /* Products */;
			projectDirPath = "";
			projectRoot = "";
			targets = (
				3409D01A2D22CD35002386AD /* RiveLearningApp */,
				3409D02A2D22CD36002386AD /* RiveLearningAppTests */,
				3409D0342D22CD36002386AD /* RiveLearningAppUITests */,
			);
		};
/* End PBXProject section */

/* Begin PBXResourcesBuildPhase section */
		3409D0192D22CD35002386AD /* Resources */ = {
			isa = PBXResourcesBuildPhase;
			buildActionMask = 2147483647;
			files = (
			);
			runOnlyForDeploymentPostprocessing = 0;
		};
		3409D0292D22CD36002386AD /* Resources */ = {
			isa = PBXResourcesBuildPhase;
			buildActionMask = 2147483647;
			files = (
			);
			runOnlyForDeploymentPostprocessing = 0;
		};
		3409D0332D22CD36002386AD /* Resources */ = {
			isa = PBXResourcesBuildPhase;
			buildActionMask = 2147483647;
			files = (
			);
			runOnlyForDeploymentPostprocessing = 0;
		};
/* End PBXResourcesBuildPhase section */

/* Begin PBXSourcesBuildPhase section */
		3409D0172D22CD35002386AD /* Sources */ = {
			isa = PBXSourcesBuildPhase;
			buildActionMask = 2147483647;
			files = (
			);
			runOnlyForDeploymentPostprocessing = 0;
		};
		3409D0272D22CD36002386AD /* Sources */ = {
			isa = PBXSourcesBuildPhase;
			buildActionMask = 2147483647;
			files = (
			);
			runOnlyForDeploymentPostprocessing = 0;
		};
		3409D0312D22CD36002386AD /* Sources */ = {
			isa = PBXSourcesBuildPhase;
			buildActionMask = 2147483647;
			files = (
			);
			runOnlyForDeploymentPostprocessing = 0;
		};
/* End PBXSourcesBuildPhase section */

/* Begin PBXTargetDependency section */
		3409D02D2D22CD36002386AD /* PBXTargetDependency */ = {
			isa = PBXTargetDependency;
			target = 3409D01A2D22CD35002386AD /* RiveLearningApp */;
			targetProxy = 3409D02C2D22CD36002386AD /* PBXContainerItemProxy */;
		};
		3409D0372D22CD36002386AD /* PBXTargetDependency */ = {
			isa = PBXTargetDependency;
			target = 3409D01A2D22CD35002386AD /* RiveLearningApp */;
			targetProxy = 3409D0362D22CD36002386AD /* PBXContainerItemProxy */;
		};
/* End PBXTargetDependency section */

/* Begin XCBuildConfiguration section */
		3409D03D2D22CD36002386AD /* Debug */ = {
			isa = XCBuildConfiguration;
			buildSettings = {
				ALWAYS_SEARCH_USER_PATHS = NO;
				ASSETCATALOG_COMPILER_GENERATE_SWIFT_ASSET_SYMBOL_EXTENSIONS = YES;
				CLANG_ANALYZER_NONNULL = YES;
				CLANG_ANALYZER_NUMBER_OBJECT_CONVERSION = YES_AGGRESSIVE;
				CLANG_CXX_LANGUAGE_STANDARD = "gnu++20";
				CLANG_ENABLE_MODULES = YES;
				CLANG_ENABLE_OBJC_ARC = YES;
				CLANG_ENABLE_OBJC_WEAK = YES;
				CLANG_WARN_BLOCK_CAPTURE_AUTORELEASING = YES;
				CLANG_WARN_BOOL_CONVERSION = YES;
				CLANG_WARN_COMMA = YES;
				CLANG_WARN_CONSTANT_CONVERSION = YES;
				CLANG_WARN_DEPRECATED_OBJC_IMPLEMENTATIONS = YES;
				CLANG_WARN_DIRECT_OBJC_ISA_USAGE = YES_ERROR;
				CLANG_WARN_DOCUMENTATION_COMMENTS = YES;
				CLANG_WARN_EMPTY_BODY = YES;
				CLANG_WARN_ENUM_CONVERSION = YES;
				CLANG_WARN_INFINITE_RECURSION = YES;
				CLANG_WARN_INT_CONVERSION = YES;
				CLANG_WARN_NON_LITERAL_NULL_CONVERSION = YES;
				CLANG_WARN_OBJC_IMPLICIT_RETAIN_SELF = YES;
				CLANG_WARN_OBJC_LITERAL_CONVERSION = YES;
				CLANG_WARN_OBJC_ROOT_CLASS = YES_ERROR;
				CLANG_WARN_QUOTED_INCLUDE_IN_FRAMEWORK_HEADER = YES;
				CLANG_WARN_RANGE_LOOP_ANALYSIS = YES;
				CLANG_WARN_STRICT_PROTOTYPES = YES;
				CLANG_WARN_SUSPICIOUS_MOVE = YES;
				CLANG_WARN_UNGUARDED_AVAILABILITY = YES_AGGRESSIVE;
				CLANG_WARN_UNREACHABLE_CODE = YES;
				CLANG_WARN__DUPLICATE_METHOD_MATCH = YES;
				COPY_PHASE_STRIP = NO;
				DEBUG_INFORMATION_FORMAT = dwarf;
				ENABLE_STRICT_OBJC_MSGSEND = YES;
				ENABLE_TESTABILITY = YES;
				ENABLE_USER_SCRIPT_SANDBOXING = YES;
				GCC_C_LANGUAGE_STANDARD = gnu17;
				GCC_DYNAMIC_NO_PIC = NO;
				GCC_NO_COMMON_BLOCKS = YES;
				GCC_OPTIMIZATION_LEVEL = 0;
				GCC_PREPROCESSOR_DEFINITIONS = (
					"DEBUG=1",
					"$(inherited)",
				);
				GCC_WARN_64_TO_32_BIT_CONVERSION = YES;
				GCC_WARN_ABOUT_RETURN_TYPE = YES_ERROR;
				GCC_WARN_UNDECLARED_SELECTOR = YES;
				GCC_WARN_UNINITIALIZED_AUTOS = YES_AGGRESSIVE;
				GCC_WARN_UNUSED_FUNCTION = YES;
				GCC_WARN_UNUSED_VARIABLE = YES;
				IPHONEOS_DEPLOYMENT_TARGET = 18.0;
				LOCALIZATION_PREFERS_STRING_CATALOGS = YES;
				MTL_ENABLE_DEBUG_INFO = INCLUDE_SOURCE;
				MTL_FAST_MATH = YES;
				ONLY_ACTIVE_ARCH = YES;
				SDKROOT = iphoneos;
				SWIFT_ACTIVE_COMPILATION_CONDITIONS = "DEBUG $(inherited)";
				SWIFT_OPTIMIZATION_LEVEL = "-Onone";
			};
			name = Debug;
		};
		3409D03E2D22CD36002386AD /* Release */ = {
			isa = XCBuildConfiguration;
			buildSettings = {
				ALWAYS_SEARCH_USER_PATHS = NO;
				ASSETCATALOG_COMPILER_GENERATE_SWIFT_ASSET_SYMBOL_EXTENSIONS = YES;
				CLANG_ANALYZER_NONNULL = YES;
				CLANG_ANALYZER_NUMBER_OBJECT_CONVERSION = YES_AGGRESSIVE;
				CLANG_CXX_LANGUAGE_STANDARD = "gnu++20";
				CLANG_ENABLE_MODULES = YES;
				CLANG_ENABLE_OBJC_ARC = YES;
				CLANG_ENABLE_OBJC_WEAK = YES;
				CLANG_WARN_BLOCK_CAPTURE_AUTORELEASING = YES;
				CLANG_WARN_BOOL_CONVERSION = YES;
				CLANG_WARN_COMMA = YES;
				CLANG_WARN_CONSTANT_CONVERSION = YES;
				CLANG_WARN_DEPRECATED_OBJC_IMPLEMENTATIONS = YES;
				CLANG_WARN_DIRECT_OBJC_ISA_USAGE = YES_ERROR;
				CLANG_WARN_DOCUMENTATION_COMMENTS = YES;
				CLANG_WARN_EMPTY_BODY = YES;
				CLANG_WARN_ENUM_CONVERSION = YES;
				CLANG_WARN_INFINITE_RECURSION = YES;
				CLANG_WARN_INT_CONVERSION = YES;
				CLANG_WARN_NON_LITERAL_NULL_CONVERSION = YES;
				CLANG_WARN_OBJC_IMPLICIT_RETAIN_SELF = YES;
				CLANG_WARN_OBJC_LITERAL_CONVERSION = YES;
				CLANG_WARN_OBJC_ROOT_CLASS = YES_ERROR;
				CLANG_WARN_QUOTED_INCLUDE_IN_FRAMEWORK_HEADER = YES;
				CLANG_WARN_RANGE_LOOP_ANALYSIS = YES;
				CLANG_WARN_STRICT_PROTOTYPES = YES;
				CLANG_WARN_SUSPICIOUS_MOVE = YES;
				CLANG_WARN_UNGUARDED_AVAILABILITY = YES_AGGRESSIVE;
				CLANG_WARN_UNREACHABLE_CODE = YES;
				CLANG_WARN__DUPLICATE_METHOD_MATCH = YES;
				COPY_PHASE_STRIP = NO;
				DEBUG_INFORMATION_FORMAT = "dwarf-with-dsym";
				ENABLE_NS_ASSERTIONS = NO;
				ENABLE_STRICT_OBJC_MSGSEND = YES;
				ENABLE_USER_SCRIPT_SANDBOXING = YES;
				GCC_C_LANGUAGE_STANDARD = gnu17;
				GCC_NO_COMMON_BLOCKS = YES;
				GCC_WARN_64_TO_32_BIT_CONVERSION = YES;
				GCC_WARN_ABOUT_RETURN_TYPE = YES_ERROR;
				GCC_WARN_UNDECLARED_SELECTOR = YES;
				GCC_WARN_UNINITIALIZED_AUTOS = YES_AGGRESSIVE;
				GCC_WARN_UNUSED_FUNCTION = YES;
				GCC_WARN_UNUSED_VARIABLE = YES;
				IPHONEOS_DEPLOYMENT_TARGET = 18.0;
				LOCALIZATION_PREFERS_STRING_CATALOGS = YES;
				MTL_ENABLE_DEBUG_INFO = NO;
				MTL_FAST_MATH = YES;
				SDKROOT = iphoneos;
				SWIFT_COMPILATION_MODE = wholemodule;
				VALIDATE_PRODUCT = YES;
			};
			name = Release;
		};
		3409D0402D22CD36002386AD /* Debug */ = {
			isa = XCBuildConfiguration;
			buildSettings = {
				ASSETCATALOG_COMPILER_APPICON_NAME = AppIcon;
				ASSETCATALOG_COMPILER_GLOBAL_ACCENT_COLOR_NAME = AccentColor;
				CODE_SIGN_STYLE = Automatic;
				CURRENT_PROJECT_VERSION = 1;
				DEVELOPMENT_ASSET_PATHS = "\"RiveLearningApp/Preview Content\"";
				DEVELOPMENT_TEAM = YZ8S4FP7UW;
				ENABLE_PREVIEWS = YES;
				GENERATE_INFOPLIST_FILE = YES;
				INFOPLIST_FILE = RiveLearningApp/Info.plist;
				INFOPLIST_KEY_UIApplicationSceneManifest_Generation = YES;
				INFOPLIST_KEY_UIApplicationSupportsIndirectInputEvents = YES;
				INFOPLIST_KEY_UILaunchScreen_Generation = YES;
				INFOPLIST_KEY_UISupportedInterfaceOrientations_iPad = "UIInterfaceOrientationPortrait UIInterfaceOrientationPortraitUpsideDown UIInterfaceOrientationLandscapeLeft UIInterfaceOrientationLandscapeRight";
				INFOPLIST_KEY_UISupportedInterfaceOrientations_iPhone = "UIInterfaceOrientationPortrait UIInterfaceOrientationLandscapeLeft UIInterfaceOrientationLandscapeRight";
				LD_RUNPATH_SEARCH_PATHS = (
					"$(inherited)",
					"@executable_path/Frameworks",
				);
				MARKETING_VERSION = 1.0;
				PRODUCT_BUNDLE_IDENTIFIER = com.parthdarji.RiveLearningApp;
				PRODUCT_NAME = "$(TARGET_NAME)";
				SWIFT_EMIT_LOC_STRINGS = YES;
				SWIFT_VERSION = 5.0;
				TARGETED_DEVICE_FAMILY = "1,2";
			};
			name = Debug;
		};
		3409D0412D22CD36002386AD /* Release */ = {
			isa = XCBuildConfiguration;
			buildSettings = {
				ASSETCATALOG_COMPILER_APPICON_NAME = AppIcon;
				ASSETCATALOG_COMPILER_GLOBAL_ACCENT_COLOR_NAME = AccentColor;
				CODE_SIGN_STYLE = Automatic;
				CURRENT_PROJECT_VERSION = 1;
				DEVELOPMENT_ASSET_PATHS = "\"RiveLearningApp/Preview Content\"";
				DEVELOPMENT_TEAM = YZ8S4FP7UW;
				ENABLE_PREVIEWS = YES;
				GENERATE_INFOPLIST_FILE = YES;
				INFOPLIST_FILE = RiveLearningApp/Info.plist;
				INFOPLIST_KEY_UIApplicationSceneManifest_Generation = YES;
				INFOPLIST_KEY_UIApplicationSupportsIndirectInputEvents = YES;
				INFOPLIST_KEY_UILaunchScreen_Generation = YES;
				INFOPLIST_KEY_UISupportedInterfaceOrientations_iPad = "UIInterfaceOrientationPortrait UIInterfaceOrientationPortraitUpsideDown UIInterfaceOrientationLandscapeLeft UIInterfaceOrientationLandscapeRight";
				INFOPLIST_KEY_UISupportedInterfaceOrientations_iPhone = "UIInterfaceOrientationPortrait UIInterfaceOrientationLandscapeLeft UIInterfaceOrientationLandscapeRight";
				LD_RUNPATH_SEARCH_PATHS = (
					"$(inherited)",
					"@executable_path/Frameworks",
				);
				MARKETING_VERSION = 1.0;
				PRODUCT_BUNDLE_IDENTIFIER = com.parthdarji.RiveLearningApp;
				PRODUCT_NAME = "$(TARGET_NAME)";
				SWIFT_EMIT_LOC_STRINGS = YES;
				SWIFT_VERSION = 5.0;
				TARGETED_DEVICE_FAMILY = "1,2";
			};
			name = Release;
		};
		3409D0432D22CD36002386AD /* Debug */ = {
			isa = XCBuildConfiguration;
			buildSettings = {
				BUNDLE_LOADER = "$(TEST_HOST)";
				CODE_SIGN_STYLE = Automatic;
				CURRENT_PROJECT_VERSION = 1;
				DEVELOPMENT_TEAM = YZ8S4FP7UW;
				GENERATE_INFOPLIST_FILE = YES;
				IPHONEOS_DEPLOYMENT_TARGET = 18.0;
				MARKETING_VERSION = 1.0;
				PRODUCT_BUNDLE_IDENTIFIER = com.parthdarji.RiveLearningAppTests;
				PRODUCT_NAME = "$(TARGET_NAME)";
				SWIFT_EMIT_LOC_STRINGS = NO;
				SWIFT_VERSION = 5.0;
				TARGETED_DEVICE_FAMILY = "1,2";
				TEST_HOST = "$(BUILT_PRODUCTS_DIR)/RiveLearningApp.app/$(BUNDLE_EXECUTABLE_FOLDER_PATH)/RiveLearningApp";
			};
			name = Debug;
		};
		3409D0442D22CD36002386AD /* Release */ = {
			isa = XCBuildConfiguration;
			buildSettings = {
				BUNDLE_LOADER = "$(TEST_HOST)";
				CODE_SIGN_STYLE = Automatic;
				CURRENT_PROJECT_VERSION = 1;
				DEVELOPMENT_TEAM = YZ8S4FP7UW;
				GENERATE_INFOPLIST_FILE = YES;
				IPHONEOS_DEPLOYMENT_TARGET = 18.0;
				MARKETING_VERSION = 1.0;
				PRODUCT_BUNDLE_IDENTIFIER = com.parthdarji.RiveLearningAppTests;
				PRODUCT_NAME = "$(TARGET_NAME)";
				SWIFT_EMIT_LOC_STRINGS = NO;
				SWIFT_VERSION = 5.0;
				TARGETED_DEVICE_FAMILY = "1,2";
				TEST_HOST = "$(BUILT_PRODUCTS_DIR)/RiveLearningApp.app/$(BUNDLE_EXECUTABLE_FOLDER_PATH)/RiveLearningApp";
			};
			name = Release;
		};
		3409D0462D22CD36002386AD /* Debug */ = {
			isa = XCBuildConfiguration;
			buildSettings = {
				CODE_SIGN_STYLE = Automatic;
				CURRENT_PROJECT_VERSION = 1;
				DEVELOPMENT_TEAM = YZ8S4FP7UW;
				GENERATE_INFOPLIST_FILE = YES;
				MARKETING_VERSION = 1.0;
				PRODUCT_BUNDLE_IDENTIFIER = com.parthdarji.RiveLearningAppUITests;
				PRODUCT_NAME = "$(TARGET_NAME)";
				SWIFT_EMIT_LOC_STRINGS = NO;
				SWIFT_VERSION = 5.0;
				TARGETED_DEVICE_FAMILY = "1,2";
				TEST_TARGET_NAME = RiveLearningApp;
			};
			name = Debug;
		};
		3409D0472D22CD36002386AD /* Release */ = {
			isa = XCBuildConfiguration;
			buildSettings = {
				CODE_SIGN_STYLE = Automatic;
				CURRENT_PROJECT_VERSION = 1;
				DEVELOPMENT_TEAM = YZ8S4FP7UW;
				GENERATE_INFOPLIST_FILE = YES;
				MARKETING_VERSION = 1.0;
				PRODUCT_BUNDLE_IDENTIFIER = com.parthdarji.RiveLearningAppUITests;
				PRODUCT_NAME = "$(TARGET_NAME)";
				SWIFT_EMIT_LOC_STRINGS = NO;
				SWIFT_VERSION = 5.0;
				TARGETED_DEVICE_FAMILY = "1,2";
				TEST_TARGET_NAME = RiveLearningApp;
			};
			name = Release;
		};
/* End XCBuildConfiguration section */

/* Begin XCConfigurationList section */
		3409D0162D22CD35002386AD /* Build configuration list for PBXProject "RiveLearningApp" */ = {
			isa = XCConfigurationList;
			buildConfigurations = (
				3409D03D2D22CD36002386AD /* Debug */,
				3409D03E2D22CD36002386AD /* Release */,
			);
			defaultConfigurationIsVisible = 0;
			defaultConfigurationName = Release;
		};
		3409D03F2D22CD36002386AD /* Build configuration list for PBXNativeTarget "RiveLearningApp" */ = {
			isa = XCConfigurationList;
			buildConfigurations = (
				3409D0402D22CD36002386AD /* Debug */,
				3409D0412D22CD36002386AD /* Release */,
			);
			defaultConfigurationIsVisible = 0;
			defaultConfigurationName = Release;
		};
		3409D0422D22CD36002386AD /* Build configuration list for PBXNativeTarget "RiveLearningAppTests" */ = {
			isa = XCConfigurationList;
			buildConfigurations = (
				3409D0432D22CD36002386AD /* Debug */,
				3409D0442D22CD36002386AD /* Release */,
			);
			defaultConfigurationIsVisible = 0;
			defaultConfigurationName = Release;
		};
		3409D0452D22CD36002386AD /* Build configuration list for PBXNativeTarget "RiveLearningAppUITests" */ = {
			isa = XCConfigurationList;
			buildConfigurations = (
				3409D0462D22CD36002386AD /* Debug */,
				3409D0472D22CD36002386AD /* Release */,
			);
			defaultConfigurationIsVisible = 0;
			defaultConfigurationName = Release;
		};
/* End XCConfigurationList section */

/* Begin XCRemoteSwiftPackageReference section */
		3409D05C2D22CE69002386AD /* XCRemoteSwiftPackageReference "rive-ios" */ = {
			isa = XCRemoteSwiftPackageReference;
			repositoryURL = "https://github.com/rive-app/rive-ios";
			requirement = {
				kind = upToNextMajorVersion;
				minimumVersion = 6.5.4;
			};
		};
/* End XCRemoteSwiftPackageReference section */

/* Begin XCSwiftPackageProductDependency section */
		34CE31682D23C8E400DF4947 /* RiveRuntime */ = {
			isa = XCSwiftPackageProductDependency;
			package = 3409D05C2D22CE69002386AD /* XCRemoteSwiftPackageReference "rive-ios" */;
			productName = RiveRuntime;
		};
/* End XCSwiftPackageProductDependency section */
	};
	rootObject = 3409D0132D22CD35002386AD /* Project object */;
}
